
Microsoft Visual Studio Solution File, Format Version 10.00
# Visual Studio 2008
Project("{FAE04EC0-301F-11D3-BF4B-00C04F79EFBC}") = "Assembly-CSharp", "Assembly-CSharp.csproj", "{FF9A9ED1-74F7-E153-1EEF-087635B314FB}"
EndProject
Global
	GlobalSection(SolutionConfigurationPlatforms) = preSolution
		Debug|Any CPU = Debug|Any CPU
		Release|Any CPU = Release|Any CPU
	EndGlobalSection
	GlobalSection(ProjectConfigurationPlatforms) = postSolution
		{FF9A9ED1-74F7-E153-1EEF-087635B314FB}.Debug|Any CPU.ActiveCfg = Debug|Any CPU
		{FF9A9ED1-74F7-E153-1EEF-087635B314FB}.Debug|Any CPU.Build.0 = Debug|Any CPU
		{FF9A9ED1-74F7-E153-1EEF-087635B314FB}.Release|Any CPU.ActiveCfg = Release|Any CPU
		{FF9A9ED1-74F7-E153-1EEF-087635B314FB}.Release|Any CPU.Build.0 = Release|Any CPU
	EndGlobalSection
	GlobalSection(MonoDevelopProperties) = preSolution
		StartupItem = Assembly-CSharp.csproj
	EndGlobalSection
	GlobalSection(SolutionProperties) = preSolution
		HideSolutionNode = FALSE
	EndGlobalSection
EndGlobal
